{
  "name": "newstart",
  "version": "1.0.0",
  "lockfileVersion": 3,
  "requires": true,
  "packages": {
    "": {
      "name": "newstart",
      "version": "1.0.0",
      "license": "ISC",
      "dependencies": {
        "electron-cookies": "^1.1.0"
      }
    },
    "node_modules/electron-cookies": {
      "version": "1.1.0",
      "resolved": "https://registry.npmjs.org/electron-cookies/-/electron-cookies-1.1.0.tgz",
      "integrity": "sha512-fYXqe4Q/lMLuQCGndiCAgJzwrxHSuPpCB5Ra7l+sr6KFNuLI/48hKG6swxNSGt66SyfSDI68CrPrML7gUYkJog=="
    }
  }
}
